
Microsoft Visual Studio Solution File, Format Version 12.00
# Visual Studio Version 16
VisualStudioVersion = 16.0.29519.181
MinimumVisualStudioVersion = 10.0.40219.1
Project("{FAE04EC0-301F-11D3-BF4B-00C04F79EFBC}") = "RepeatLesson.Android", "RepeatLesson\RepeatLesson.Android\RepeatLesson.Android.csproj", "{E1B4F3F5-DACF-4193-9D2F-0C5FE922434C}"
EndProject
Project("{FAE04EC0-301F-11D3-BF4B-00C04F79EFBC}") = "RepeatLesson.iOS", "RepeatLesson\RepeatLesson.iOS\RepeatLesson.iOS.csproj", "{994F7719-6B9C-4D08-8DB6-86C6DC69054B}"
EndProject
Project("{FAE04EC0-301F-11D3-BF4B-00C04F79EFBC}") = "RepeatLesson", "RepeatLesson\RepeatLesson\RepeatLesson.csproj", "{091667D0-2425-4099-A1BC-6A6D4EA9BC4A}"
EndProject
Global
	GlobalSection(SolutionConfigurationPlatforms) = preSolution
		Debug|Any CPU = Debug|Any CPU
		Debug|iPhone = Debug|iPhone
		Debug|iPhoneSimulator = Debug|iPhoneSimulator
		Release|Any CPU = Release|Any CPU
		Release|iPhone = Release|iPhone
		Release|iPhoneSimulator = Release|iPhoneSimulator
	EndGlobalSection
	GlobalSection(ProjectConfigurationPlatforms) = postSolution
		{E1B4F3F5-DACF-4193-9D2F-0C5FE922434C}.Debug|Any CPU.ActiveCfg = Debug|Any CPU
		{E1B4F3F5-DACF-4193-9D2F-0C5FE922434C}.Debug|Any CPU.Build.0 = Debug|Any CPU
		{E1B4F3F5-DACF-4193-9D2F-0C5FE922434C}.Debug|Any CPU.Deploy.0 = Debug|Any CPU
		{E1B4F3F5-DACF-4193-9D2F-0C5FE922434C}.Debug|iPhone.ActiveCfg = Debug|Any CPU
		{E1B4F3F5-DACF-4193-9D2F-0C5FE922434C}.Debug|iPhone.Build.0 = Debug|Any CPU
		{E1B4F3F5-DACF-4193-9D2F-0C5FE922434C}.Debug|iPhone.Deploy.0 = Debug|Any CPU
		{E1B4F3F5-DACF-4193-9D2F-0C5FE922434C}.Debug|iPhoneSimulator.ActiveCfg = Debug|Any CPU
		{E1B4F3F5-DACF-4193-9D2F-0C5FE922434C}.Debug|iPhoneSimulator.Build.0 = Debug|Any CPU
		{E1B4F3F5-DACF-4193-9D2F-0C5FE922434C}.Debug|iPhoneSimulator.Deploy.0 = Debug|Any CPU
		{E1B4F3F5-DACF-4193-9D2F-0C5FE922434C}.Release|Any CPU.ActiveCfg = Release|Any CPU
		{E1B4F3F5-DACF-4193-9D2F-0C5FE922434C}.Release|Any CPU.Build.0 = Release|Any CPU
		{E1B4F3F5-DACF-4193-9D2F-0C5FE922434C}.Release|Any CPU.Deploy.0 = Release|Any CPU
		{E1B4F3F5-DACF-4193-9D2F-0C5FE922434C}.Release|iPhone.ActiveCfg = Release|Any CPU
		{E1B4F3F5-DACF-4193-9D2F-0C5FE922434C}.Release|iPhone.Build.0 = Release|Any CPU
		{E1B4F3F5-DACF-4193-9D2F-0C5FE922434C}.Release|iPhone.Deploy.0 = Release|Any CPU
		{E1B4F3F5-DACF-4193-9D2F-0C5FE922434C}.Release|iPhoneSimulator.ActiveCfg = Release|Any CPU
		{E1B4F3F5-DACF-4193-9D2F-0C5FE922434C}.Release|iPhoneSimulator.Build.0 = Release|Any CPU
		{E1B4F3F5-DACF-4193-9D2F-0C5FE922434C}.Release|iPhoneSimulator.Deploy.0 = Release|Any CPU
		{994F7719-6B9C-4D08-8DB6-86C6DC69054B}.Debug|Any CPU.ActiveCfg = Debug|iPhoneSimulator
		{994F7719-6B9C-4D08-8DB6-86C6DC69054B}.Debug|Any CPU.Build.0 = Debug|iPhoneSimulator
		{994F7719-6B9C-4D08-8DB6-86C6DC69054B}.Debug|Any CPU.Deploy.0 = Debug|iPhoneSimulator
		{994F7719-6B9C-4D08-8DB6-86C6DC69054B}.Debug|iPhone.ActiveCfg = Debug|iPhone
		{994F7719-6B9C-4D08-8DB6-86C6DC69054B}.Debug|iPhone.Build.0 = Debug|iPhone
		{994F7719-6B9C-4D08-8DB6-86C6DC69054B}.Debug|iPhone.Deploy.0 = Debug|iPhone
		{994F7719-6B9C-4D08-8DB6-86C6DC69054B}.Debug|iPhoneSimulator.ActiveCfg = Debug|iPhoneSimulator
		{994F7719-6B9C-4D08-8DB6-86C6DC69054B}.Debug|iPhoneSimulator.Build.0 = Debug|iPhoneSimulator
		{994F7719-6B9C-4D08-8DB6-86C6DC69054B}.Debug|iPhoneSimulator.Deploy.0 = Debug|iPhoneSimulator
		{994F7719-6B9C-4D08-8DB6-86C6DC69054B}.Release|Any CPU.ActiveCfg = Release|iPhone
		{994F7719-6B9C-4D08-8DB6-86C6DC69054B}.Release|Any CPU.Build.0 = Release|iPhone
		{994F7719-6B9C-4D08-8DB6-86C6DC69054B}.Release|Any CPU.Deploy.0 = Release|iPhone
		{994F7719-6B9C-4D08-8DB6-86C6DC69054B}.Release|iPhone.ActiveCfg = Release|iPhone
		{994F7719-6B9C-4D08-8DB6-86C6DC69054B}.Release|iPhone.Build.0 = Release|iPhone
		{994F7719-6B9C-4D08-8DB6-86C6DC69054B}.Release|iPhone.Deploy.0 = Release|iPhone
		{994F7719-6B9C-4D08-8DB6-86C6DC69054B}.Release|iPhoneSimulator.ActiveCfg = Release|iPhoneSimulator
		{994F7719-6B9C-4D08-8DB6-86C6DC69054B}.Release|iPhoneSimulator.Build.0 = Release|iPhoneSimulator
		{994F7719-6B9C-4D08-8DB6-86C6DC69054B}.Release|iPhoneSimulator.Deploy.0 = Release|iPhoneSimulator
		{091667D0-2425-4099-A1BC-6A6D4EA9BC4A}.Debug|Any CPU.ActiveCfg = Debug|Any CPU
		{091667D0-2425-4099-A1BC-6A6D4EA9BC4A}.Debug|Any CPU.Build.0 = Debug|Any CPU
		{091667D0-2425-4099-A1BC-6A6D4EA9BC4A}.Debug|Any CPU.Deploy.0 = Debug|Any CPU
		{091667D0-2425-4099-A1BC-6A6D4EA9BC4A}.Debug|iPhone.ActiveCfg = Debug|Any CPU
		{091667D0-2425-4099-A1BC-6A6D4EA9BC4A}.Debug|iPhone.Build.0 = Debug|Any CPU
		{091667D0-2425-4099-A1BC-6A6D4EA9BC4A}.Debug|iPhone.Deploy.0 = Debug|Any CPU
		{091667D0-2425-4099-A1BC-6A6D4EA9BC4A}.Debug|iPhoneSimulator.ActiveCfg = Debug|Any CPU
		{091667D0-2425-4099-A1BC-6A6D4EA9BC4A}.Debug|iPhoneSimulator.Build.0 = Debug|Any CPU
		{091667D0-2425-4099-A1BC-6A6D4EA9BC4A}.Debug|iPhoneSimulator.Deploy.0 = Debug|Any CPU
		{091667D0-2425-4099-A1BC-6A6D4EA9BC4A}.Release|Any CPU.ActiveCfg = Release|Any CPU
		{091667D0-2425-4099-A1BC-6A6D4EA9BC4A}.Release|Any CPU.Build.0 = Release|Any CPU
		{091667D0-2425-4099-A1BC-6A6D4EA9BC4A}.Release|Any CPU.Deploy.0 = Release|Any CPU
		{091667D0-2425-4099-A1BC-6A6D4EA9BC4A}.Release|iPhone.ActiveCfg = Release|Any CPU
		{091667D0-2425-4099-A1BC-6A6D4EA9BC4A}.Release|iPhone.Build.0 = Release|Any CPU
		{091667D0-2425-4099-A1BC-6A6D4EA9BC4A}.Release|iPhone.Deploy.0 = Release|Any CPU
		{091667D0-2425-4099-A1BC-6A6D4EA9BC4A}.Release|iPhoneSimulator.ActiveCfg = Release|Any CPU
		{091667D0-2425-4099-A1BC-6A6D4EA9BC4A}.Release|iPhoneSimulator.Build.0 = Release|Any CPU
		{091667D0-2425-4099-A1BC-6A6D4EA9BC4A}.Release|iPhoneSimulator.Deploy.0 = Release|Any CPU
	EndGlobalSection
	GlobalSection(SolutionProperties) = preSolution
		HideSolutionNode = FALSE
	EndGlobalSection
	GlobalSection(ExtensibilityGlobals) = postSolution
		SolutionGuid = {3F8EE408-D382-424E-8896-1DD5C61BDF7A}
	EndGlobalSection
EndGlobal
